// !$*UTF8*$!
{
	archiveVersion = 1;
	classes = {
	};
	objectVersion = 46;
	objects = {

/* Begin PBXBuildFile section */
		43BB07951A9170DB007A0501 /* AppDelegate.swift in Sources */ = {isa = PBXBuildFile; fileRef = 43BB07941A9170DB007A0501 /* AppDelegate.swift */; };
		43BB07971A9170DB007A0501 /* ViewController.swift in Sources */ = {isa = PBXBuildFile; fileRef = 43BB07961A9170DB007A0501 /* ViewController.swift */; };
		43BB079A1A9170DB007A0501 /* Main.storyboard in Resources */ = {isa = PBXBuildFile; fileRef = 43BB07981A9170DB007A0501 /* Main.storyboard */; };
		43BB079C1A9170DB007A0501 /* Images.xcassets in Resources */ = {isa = PBXBuildFile; fileRef = 43BB079B1A9170DB007A0501 /* Images.xcassets */; };
		43BB07AB1A9170DB007A0501 /* PhotoSearchTests.swift in Sources */ = {isa = PBXBuildFile; fileRef = 43BB07AA1A9170DB007A0501 /* PhotoSearchTests.swift */; };
		43BB07B91A92D066007A0501 /* ImageViewViewController.swift in Sources */ = {isa = PBXBuildFile; fileRef = 43BB07B81A92D066007A0501 /* ImageViewViewController.swift */; };
		43D5947E1AAD2F190008B1B2 /* NoImages.JPG in Resources */ = {isa = PBXBuildFile; fileRef = 43D5947D1AAD2F190008B1B2 /* NoImages.JPG */; };
		43D594C41AB388720008B1B2 /* Launch Screen.xib in Resources */ = {isa = PBXBuildFile; fileRef = 43D594C31AB388720008B1B2 /* Launch Screen.xib */; };
/* End PBXBuildFile section */

/* Begin PBXContainerItemProxy section */
		43BB07A51A9170DB007A0501 /* PBXContainerItemProxy */ = {
			isa = PBXContainerItemProxy;
			containerPortal = 43BB07871A9170DB007A0501 /* Project object */;
			proxyType = 1;
			remoteGlobalIDString = 43BB078E1A9170DB007A0501;
			remoteInfo = PhotoSearch;
		};
/* End PBXContainerItemProxy section */

/* Begin PBXFileReference section */
		43BB078F1A9170DB007A0501 /* HeyRememberThis.app */ = {isa = PBXFileReference; explicitFileType = wrapper.application; includeInIndex = 0; path = HeyRememberThis.app; sourceTree = BUILT_PRODUCTS_DIR; };
		43BB07931A9170DB007A0501 /* Info.plist */ = {isa = PBXFileReference; lastKnownFileType = text.plist.xml; path = Info.plist; sourceTree = "<group>"; };
		43BB07941A9170DB007A0501 /* AppDelegate.swift */ = {isa = PBXFileReference; lastKnownFileType = sourcecode.swift; path = AppDelegate.swift; sourceTree = "<group>"; };
		43BB07961A9170DB007A0501 /* ViewController.swift */ = {isa = PBXFileReference; lastKnownFileType = sourcecode.swift; path = ViewController.swift; sourceTree = "<group>"; };
		43BB07991A9170DB007A0501 /* Base */ = {isa = PBXFileReference; lastKnownFileType = file.storyboard; name = Base; path = Base.lproj/Main.storyboard; sourceTree = "<group>"; };
		43BB079B1A9170DB007A0501 /* Images.xcassets */ = {isa = PBXFileReference; lastKnownFileType = folder.assetcatalog; path = Images.xcassets; sourceTree = "<group>"; };
		43BB07A41A9170DB007A0501 /* PhotoSearchTests.xctest */ = {isa = PBXFileReference; explicitFileType = wrapper.cfbundle; includeInIndex = 0; path = PhotoSearchTests.xctest; sourceTree = BUILT_PRODUCTS_DIR; };
		43BB07A91A9170DB007A0501 /* Info.plist */ = {isa = PBXFileReference; lastKnownFileType = text.plist.xml; path = Info.plist; sourceTree = "<group>"; };
		43BB07AA1A9170DB007A0501 /* PhotoSearchTests.swift */ = {isa = PBXFileReference; lastKnownFileType = sourcecode.swift; path = PhotoSearchTests.swift; sourceTree = "<group>"; };
		43BB07B81A92D066007A0501 /* ImageViewViewController.swift */ = {isa = PBXFileReference; fileEncoding = 4; lastKnownFileType = sourcecode.swift; path = ImageViewViewController.swift; sourceTree = "<group>"; };
		43D5947D1AAD2F190008B1B2 /* NoImages.JPG */ = {isa = PBXFileReference; lastKnownFileType = image.jpeg; path = NoImages.JPG; sourceTree = "<group>"; };
		43D594C31AB388720008B1B2 /* Launch Screen.xib */ = {isa = PBXFileReference; fileEncoding = 4; lastKnownFileType = file.xib; path = "Launch Screen.xib"; sourceTree = "<group>"; };
/* End PBXFileReference section */

/* Begin PBXFrameworksBuildPhase section */
		43BB078C1A9170DB007A0501 /* Frameworks */ = {
			isa = PBXFrameworksBuildPhase;
			buildActionMask = 2147483647;
			files = (
			);
			runOnlyForDeploymentPostprocessing = 0;
		};
		43BB07A11A9170DB007A0501 /* Frameworks */ = {
			isa = PBXFrameworksBuildPhase;
			buildActionMask = 2147483647;
			files = (
			);
			runOnlyForDeploymentPostprocessing = 0;
		};
/* End PBXFrameworksBuildPhase section */

/* Begin PBXGroup section */
		43BB07861A9170DB007A0501 = {
			isa = PBXGroup;
			children = (
				43BB07911A9170DB007A0501 /* PhotoSearch */,
				43BB07A71A9170DB007A0501 /* PhotoSearchTests */,
				43BB07901A9170DB007A0501 /* Products */,
			);
			sourceTree = "<group>";
		};
		43BB07901A9170DB007A0501 /* Products */ = {
			isa = PBXGroup;
			children = (
				43BB078F1A9170DB007A0501 /* HeyRememberThis.app */,
				43BB07A41A9170DB007A0501 /* PhotoSearchTests.xctest */,
			);
			name = Products;
			sourceTree = "<group>";
		};
		43BB07911A9170DB007A0501 /* PhotoSearch */ = {
			isa = PBXGroup;
			children = (
				43BB07981A9170DB007A0501 /* Main.storyboard */,
				43BB07941A9170DB007A0501 /* AppDelegate.swift */,
				43BB07961A9170DB007A0501 /* ViewController.swift */,
				43BB07B81A92D066007A0501 /* ImageViewViewController.swift */,
				43D5947D1AAD2F190008B1B2 /* NoImages.JPG */,
				43BB079B1A9170DB007A0501 /* Images.xcassets */,
				43D594C31AB388720008B1B2 /* Launch Screen.xib */,
				43BB07921A9170DB007A0501 /* Supporting Files */,
			);
			path = PhotoSearch;
			sourceTree = "<group>";
		};
		43BB07921A9170DB007A0501 /* Supporting Files */ = {
			isa = PBXGroup;
			children = (
				43BB07931A9170DB007A0501 /* Info.plist */,
			);
			name = "Supporting Files";
			sourceTree = "<group>";
		};
		43BB07A71A9170DB007A0501 /* PhotoSearchTests */ = {
			isa = PBXGroup;
			children = (
				43BB07AA1A9170DB007A0501 /* PhotoSearchTests.swift */,
				43BB07A81A9170DB007A0501 /* Supporting Files */,
			);
			path = PhotoSearchTests;
			sourceTree = "<group>";
		};
		43BB07A81A9170DB007A0501 /* Supporting Files */ = {
			isa = PBXGroup;
			children = (
				43BB07A91A9170DB007A0501 /* Info.plist */,
			);
			name = "Supporting Files";
			sourceTree = "<group>";
		};
/* End PBXGroup section */

/* Begin PBXNativeTarget section */
		43BB078E1A9170DB007A0501 /* PhotoSearch */ = {
			isa = PBXNativeTarget;
			buildConfigurationList = 43BB07AE1A9170DB007A0501 /* Build configuration list for PBXNativeTarget "PhotoSearch" */;
			buildPhases = (
				43BB078B1A9170DB007A0501 /* Sources */,
				43BB078C1A9170DB007A0501 /* Frameworks */,
				43BB078D1A9170DB007A0501 /* Resources */,
			);
			buildRules = (
			);
			dependencies = (
			);
			name = PhotoSearch;
			productName = PhotoSearch;
			productReference = 43BB078F1A9170DB007A0501 /* HeyRememberThis.app */;
			productType = "com.apple.product-type.application";
		};
		43BB07A31A9170DB007A0501 /* PhotoSearchTests */ = {
			isa = PBXNativeTarget;
			buildConfigurationList = 43BB07B11A9170DB007A0501 /* Build configuration list for PBXNativeTarget "PhotoSearchTests" */;
			buildPhases = (
				43BB07A01A9170DB007A0501 /* Sources */,
				43BB07A11A9170DB007A0501 /* Frameworks */,
				43BB07A21A9170DB007A0501 /* Resources */,
			);
			buildRules = (
			);
			dependencies = (
				43BB07A61A9170DB007A0501 /* PBXTargetDependency */,
			);
			name = PhotoSearchTests;
			productName = PhotoSearchTests;
			productReference = 43BB07A41A9170DB007A0501 /* PhotoSearchTests.xctest */;
			productType = "com.apple.product-type.bundle.unit-test";
		};
/* End PBXNativeTarget section */

/* Begin PBXProject section */
		43BB07871A9170DB007A0501 /* Project object */ = {
			isa = PBXProject;
			attributes = {
				LastUpgradeCheck = 0610;
				ORGANIZATIONNAME = patspeiser;
				TargetAttributes = {
					43BB078E1A9170DB007A0501 = {
						CreatedOnToolsVersion = 6.1.1;
						DevelopmentTeam = 6FK4C7BPVB;
					};
					43BB07A31A9170DB007A0501 = {
						CreatedOnToolsVersion = 6.1.1;
						DevelopmentTeam = 6FK4C7BPVB;
						TestTargetID = 43BB078E1A9170DB007A0501;
					};
				};
			};
			buildConfigurationList = 43BB078A1A9170DB007A0501 /* Build configuration list for PBXProject "HeyRememberThis?" */;
			compatibilityVersion = "Xcode 3.2";
			developmentRegion = English;
			hasScannedForEncodings = 0;
			knownRegions = (
				en,
				Base,
			);
			mainGroup = 43BB07861A9170DB007A0501;
			productRefGroup = 43BB07901A9170DB007A0501 /* Products */;
			projectDirPath = "";
			projectRoot = "";
			targets = (
				43BB078E1A9170DB007A0501 /* PhotoSearch */,
				43BB07A31A9170DB007A0501 /* PhotoSearchTests */,
			);
		};
/* End PBXProject section */

/* Begin PBXResourcesBuildPhase section */
		43BB078D1A9170DB007A0501 /* Resources */ = {
			isa = PBXResourcesBuildPhase;
			buildActionMask = 2147483647;
			files = (
				43BB079A1A9170DB007A0501 /* Main.storyboard in Resources */,
				43D594C41AB388720008B1B2 /* Launch Screen.xib in Resources */,
				43D5947E1AAD2F190008B1B2 /* NoImages.JPG in Resources */,
				43BB079C1A9170DB007A0501 /* Images.xcassets in Resources */,
			);
			runOnlyForDeploymentPostprocessing = 0;
		};
		43BB07A21A9170DB007A0501 /* Resources */ = {
			isa = PBXResourcesBuildPhase;
			buildActionMask = 2147483647;
			files = (
			);
			runOnlyForDeploymentPostprocessing = 0;
		};
/* End PBXResourcesBuildPhase section */

/* Begin PBXSourcesBuildPhase section */
		43BB078B1A9170DB007A0501 /* Sources */ = {
			isa = PBXSourcesBuildPhase;
			buildActionMask = 2147483647;
			files = (
				43BB07971A9170DB007A0501 /* ViewController.swift in Sources */,
				43BB07951A9170DB007A0501 /* AppDelegate.swift in Sources */,
				43BB07B91A92D066007A0501 /* ImageViewViewController.swift in Sources */,
			);
			runOnlyForDeploymentPostprocessing = 0;
		};
		43BB07A01A9170DB007A0501 /* Sources */ = {
			isa = PBXSourcesBuildPhase;
			buildActionMask = 2147483647;
			files = (
				43BB07AB1A9170DB007A0501 /* PhotoSearchTests.swift in Sources */,
			);
			runOnlyForDeploymentPostprocessing = 0;
		};
/* End PBXSourcesBuildPhase section */

/* Begin PBXTargetDependency section */
		43BB07A61A9170DB007A0501 /* PBXTargetDependency */ = {
			isa = PBXTargetDependency;
			target = 43BB078E1A9170DB007A0501 /* PhotoSearch */;
			targetProxy = 43BB07A51A9170DB007A0501 /* PBXContainerItemProxy */;
		};
/* End PBXTargetDependency section */

/* Begin PBXVariantGroup section */
		43BB07981A9170DB007A0501 /* Main.storyboard */ = {
			isa = PBXVariantGroup;
			children = (
				43BB07991A9170DB007A0501 /* Base */,
			);
			name = Main.storyboard;
			sourceTree = "<group>";
		};
/* End PBXVariantGroup section */

/* Begin XCBuildConfiguration section */
		43BB07AC1A9170DB007A0501 /* Debug */ = {
			isa = XCBuildConfiguration;
			buildSettings = {
				ALWAYS_SEARCH_USER_PATHS = NO;
				CLANG_CXX_LANGUAGE_STANDARD = "gnu++0x";
				CLANG_CXX_LIBRARY = "libc++";
				CLANG_ENABLE_MODULES = YES;
				CLANG_ENABLE_OBJC_ARC = YES;
				CLANG_WARN_BOOL_CONVERSION = YES;
				CLANG_WARN_CONSTANT_CONVERSION = YES;
				CLANG_WARN_DIRECT_OBJC_ISA_USAGE = YES_ERROR;
				CLANG_WARN_EMPTY_BODY = YES;
				CLANG_WARN_ENUM_CONVERSION = YES;
				CLANG_WARN_INT_CONVERSION = YES;
				CLANG_WARN_OBJC_ROOT_CLASS = YES_ERROR;
				CLANG_WARN_UNREACHABLE_CODE = YES;
				CLANG_WARN__DUPLICATE_METHOD_MATCH = YES;
				"CODE_SIGN_IDENTITY[sdk=iphoneos*]" = "iPhone Developer";
				COPY_PHASE_STRIP = NO;
				ENABLE_STRICT_OBJC_MSGSEND = YES;
				GCC_C_LANGUAGE_STANDARD = gnu99;
				GCC_DYNAMIC_NO_PIC = NO;
				GCC_OPTIMIZATION_LEVEL = 0;
				GCC_PREPROCESSOR_DEFINITIONS = (
					"DEBUG=1",
					"$(inherited)",
				);
				GCC_SYMBOLS_PRIVATE_EXTERN = NO;
				GCC_WARN_64_TO_32_BIT_CONVERSION = YES;
				GCC_WARN_ABOUT_RETURN_TYPE = YES_ERROR;
				GCC_WARN_UNDECLARED_SELECTOR = YES;
				GCC_WARN_UNINITIALIZED_AUTOS = YES_AGGRESSIVE;
				GCC_WARN_UNUSED_FUNCTION = YES;
				GCC_WARN_UNUSED_VARIABLE = YES;
				IPHONEOS_DEPLOYMENT_TARGET = 8.1;
				MTL_ENABLE_DEBUG_INFO = YES;
				ONLY_ACTIVE_ARCH = YES;
				SDKROOT = iphoneos;
				SWIFT_OPTIMIZATION_LEVEL = "-Onone";
				TARGETED_DEVICE_FAMILY = "1,2";
			};
			name = Debug;
		};
		43BB07AD1A9170DB007A0501 /* Release */ = {
			isa = XCBuildConfiguration;
			buildSettings = {
				ALWAYS_SEARCH_USER_PATHS = NO;
				CLANG_CXX_LANGUAGE_STANDARD = "gnu++0x";
				CLANG_CXX_LIBRARY = "libc++";
				CLANG_ENABLE_MODULES = YES;
				CLANG_ENABLE_OBJC_ARC = YES;
				CLANG_WARN_BOOL_CONVERSION = YES;
				CLANG_WARN_CONSTANT_CONVERSION = YES;
				CLANG_WARN_DIRECT_OBJC_ISA_USAGE = YES_ERROR;
				CLANG_WARN_EMPTY_BODY = YES;
				CLANG_WARN_ENUM_CONVERSION = YES;
				CLANG_WARN_INT_CONVERSION = YES;
				CLANG_WARN_OBJC_ROOT_CLASS = YES_ERROR;
				CLANG_WARN_UNREACHABLE_CODE = YES;
				CLANG_WARN__DUPLICATE_METHOD_MATCH = YES;
				"CODE_SIGN_IDENTITY[sdk=iphoneos*]" = "iPhone Developer";
				COPY_PHASE_STRIP = YES;
				ENABLE_NS_ASSERTIONS = NO;
				ENABLE_STRICT_OBJC_MSGSEND = YES;
				GCC_C_LANGUAGE_STANDARD = gnu99;
				GCC_WARN_64_TO_32_BIT_CONVERSION = YES;
				GCC_WARN_ABOUT_RETURN_TYPE = YES_ERROR;
				GCC_WARN_UNDECLARED_SELECTOR = YES;
				GCC_WARN_UNINITIALIZED_AUTOS = YES_AGGRESSIVE;
				GCC_WARN_UNUSED_FUNCTION = YES;
				GCC_WARN_UNUSED_VARIABLE = YES;
				IPHONEOS_DEPLOYMENT_TARGET = 8.1;
				MTL_ENABLE_DEBUG_INFO = NO;
				SDKROOT = iphoneos;
				TARGETED_DEVICE_FAMILY = "1,2";
				VALIDATE_PRODUCT = YES;
			};
			name = Release;
		};
		43BB07AF1A9170DB007A0501 /* Debug */ = {
			isa = XCBuildConfiguration;
			buildSettings = {
				ASSETCATALOG_COMPILER_APPICON_NAME = AppIcon;
				ASSETCATALOG_COMPILER_LAUNCHIMAGE_NAME = LaunchImage;
				CODE_SIGN_IDENTITY = "iPhone Developer";
				"CODE_SIGN_IDENTITY[sdk=iphoneos*]" = "iPhone Developer";
				INFOPLIST_FILE = PhotoSearch/Info.plist;
				IPHONEOS_DEPLOYMENT_TARGET = 7.1;
				LD_RUNPATH_SEARCH_PATHS = "$(inherited) @executable_path/Frameworks";
				PRODUCT_NAME = HeyRememberThis;
				PROVISIONING_PROFILE = "";
			};
			name = Debug;
		};
		43BB07B01A9170DB007A0501 /* Release */ = {
			isa = XCBuildConfiguration;
			buildSettings = {
				ASSETCATALOG_COMPILER_APPICON_NAME = AppIcon;
				ASSETCATALOG_COMPILER_LAUNCHIMAGE_NAME = LaunchImage;
				CODE_SIGN_IDENTITY = "iPhone Developer";
				"CODE_SIGN_IDENTITY[sdk=iphoneos*]" = "iPhone Developer";
				INFOPLIST_FILE = PhotoSearch/Info.plist;
				IPHONEOS_DEPLOYMENT_TARGET = 7.1;
				LD_RUNPATH_SEARCH_PATHS = "$(inherited) @executable_path/Frameworks";
				PRODUCT_NAME = HeyRememberThis;
				PROVISIONING_PROFILE = "";
			};
			name = Release;
		};
		43BB07B21A9170DB007A0501 /* Debug */ = {
			isa = XCBuildConfiguration;
			buildSettings = {
				BUNDLE_LOADER = "$(TEST_HOST)";
				CODE_SIGN_IDENTITY = "iPhone Developer";
				"CODE_SIGN_IDENTITY[sdk=iphoneos*]" = "iPhone Developer";
				FRAMEWORK_SEARCH_PATHS = (
					"$(SDKROOT)/Developer/Library/Frameworks",
					"$(inherited)",
				);
				GCC_PREPROCESSOR_DEFINITIONS = (
					"DEBUG=1",
					"$(inherited)",
				);
				INFOPLIST_FILE = PhotoSearchTests/Info.plist;
				LD_RUNPATH_SEARCH_PATHS = "$(inherited) @executable_path/Frameworks @loader_path/Frameworks";
				PRODUCT_NAME = "$(TARGET_NAME)";
				PROVISIONING_PROFILE = "";
				TEST_HOST = "$(BUILT_PRODUCTS_DIR)/PhotoSearch.app/PhotoSearch";
			};
			name = Debug;
		};
		43BB07B31A9170DB007A0501 /* Release */ = {
			isa = XCBuildConfiguration;
			buildSettings = {
				BUNDLE_LOADER = "$(TEST_HOST)";
				CODE_SIGN_IDENTITY = "iPhone Developer";
				"CODE_SIGN_IDENTITY[sdk=iphoneos*]" = "iPhone Developer";
				FRAMEWORK_SEARCH_PATHS = (
					"$(SDKROOT)/Developer/Library/Frameworks",
					"$(inherited)",
				);
				INFOPLIST_FILE = PhotoSearchTests/Info.plist;
				LD_RUNPATH_SEARCH_PATHS = "$(inherited) @executable_path/Frameworks @loader_path/Frameworks";
				PRODUCT_NAME = "$(TARGET_NAME)";
				PROVISIONING_PROFILE = "";
				TEST_HOST = "$(BUILT_PRODUCTS_DIR)/PhotoSearch.app/PhotoSearch";
			};
			name = Release;
		};
/* End XCBuildConfiguration section */

/* Begin XCConfigurationList section */
		43BB078A1A9170DB007A0501 /* Build configuration list for PBXProject "HeyRememberThis?" */ = {
			isa = XCConfigurationList;
			buildConfigurations = (
				43BB07AC1A9170DB007A0501 /* Debug */,
				43BB07AD1A9170DB007A0501 /* Release */,
			);
			defaultConfigurationIsVisible = 0;
			defaultConfigurationName = Release;
		};
		43BB07AE1A9170DB007A0501 /* Build configuration list for PBXNativeTarget "PhotoSearch" */ = {
			isa = XCConfigurationList;
			buildConfigurations = (
				43BB07AF1A9170DB007A0501 /* Debug */,
				43BB07B01A9170DB007A0501 /* Release */,
			);
			defaultConfigurationIsVisible = 0;
			defaultConfigurationName = Release;
		};
		43BB07B11A9170DB007A0501 /* Build configuration list for PBXNativeTarget "PhotoSearchTests" */ = {
			isa = XCConfigurationList;
			buildConfigurations = (
				43BB07B21A9170DB007A0501 /* Debug */,
				43BB07B31A9170DB007A0501 /* Release */,
			);
			defaultConfigurationIsVisible = 0;
			defaultConfigurationName = Release;
		};
/* End XCConfigurationList section */
	};
	rootObject = 43BB07871A9170DB007A0501 /* Project object */;
}
